// !$*UTF8*$!
{
	archiveVersion = 1;
	classes = {
	};
	objectVersion = 46;
	objects = {

/* Begin PBXBuildFile section */
		14C56FBC1F67A51B00DABEA4 /* AppDelegate.swift in Sources */ = {isa = PBXBuildFile; fileRef = 14C56FBB1F67A51B00DABEA4 /* AppDelegate.swift */; };
		14C56FBE1F67A51B00DABEA4 /* ViewController.swift in Sources */ = {isa = PBXBuildFile; fileRef = 14C56FBD1F67A51B00DABEA4 /* ViewController.swift */; };
		14C56FC11F67A51B00DABEA4 /* Main.storyboard in Resources */ = {isa = PBXBuildFile; fileRef = 14C56FBF1F67A51B00DABEA4 /* Main.storyboard */; };
		14C56FC31F67A51B00DABEA4 /* Assets.xcassets in Resources */ = {isa = PBXBuildFile; fileRef = 14C56FC21F67A51B00DABEA4 /* Assets.xcassets */; };
		14C56FC61F67A51B00DABEA4 /* LaunchScreen.storyboard in Resources */ = {isa = PBXBuildFile; fileRef = 14C56FC41F67A51B00DABEA4 /* LaunchScreen.storyboard */; };
/* End PBXBuildFile section */

/* Begin PBXFileReference section */
		14C56FB81F67A51B00DABEA4 /* 03-Git_Branch.app */ = {isa = PBXFileReference; explicitFileType = wrapper.application; includeInIndex = 0; path = "03-Git_Branch.app"; sourceTree = BUILT_PRODUCTS_DIR; };
		14C56FBB1F67A51B00DABEA4 /* AppDelegate.swift */ = {isa = PBXFileReference; lastKnownFileType = sourcecode.swift; path = AppDelegate.swift; sourceTree = "<group>"; };
		14C56FBD1F67A51B00DABEA4 /* ViewController.swift */ = {isa = PBXFileReference; lastKnownFileType = sourcecode.swift; path = ViewController.swift; sourceTree = "<group>"; };
		14C56FC01F67A51B00DABEA4 /* Base */ = {isa = PBXFileReference; lastKnownFileType = file.storyboard; name = Base; path = Base.lproj/Main.storyboard; sourceTree = "<group>"; };
		14C56FC21F67A51B00DABEA4 /* Assets.xcassets */ = {isa = PBXFileReference; lastKnownFileType = folder.assetcatalog; path = Assets.xcassets; sourceTree = "<group>"; };
		14C56FC51F67A51B00DABEA4 /* Base */ = {isa = PBXFileReference; lastKnownFileType = file.storyboard; name = Base; path = Base.lproj/LaunchScreen.storyboard; sourceTree = "<group>"; };
		14C56FC71F67A51B00DABEA4 /* Info.plist */ = {isa = PBXFileReference; lastKnownFileType = text.plist.xml; path = Info.plist; sourceTree = "<group>"; };
/* End PBXFileReference section */

/* Begin PBXFrameworksBuildPhase section */
		14C56FB51F67A51B00DABEA4 /* Frameworks */ = {
			isa = PBXFrameworksBuildPhase;
			buildActionMask = 2147483647;
			files = (
			);
			runOnlyForDeploymentPostprocessing = 0;
		};
/* End PBXFrameworksBuildPhase section */

/* Begin PBXGroup section */
		14C56FAF1F67A51B00DABEA4 = {
			isa = PBXGroup;
			children = (
				14C56FBA1F67A51B00DABEA4 /* 03-Git_Branch */,
				14C56FB91F67A51B00DABEA4 /* Products */,
			);
			sourceTree = "<group>";
		};
		14C56FB91F67A51B00DABEA4 /* Products */ = {
			isa = PBXGroup;
			children = (
				14C56FB81F67A51B00DABEA4 /* 03-Git_Branch.app */,
			);
			name = Products;
			sourceTree = "<group>";
		};
		14C56FBA1F67A51B00DABEA4 /* 03-Git_Branch */ = {
			isa = PBXGroup;
			children = (
				14C56FBB1F67A51B00DABEA4 /* AppDelegate.swift */,
				14C56FBD1F67A51B00DABEA4 /* ViewController.swift */,
				14C56FBF1F67A51B00DABEA4 /* Main.storyboard */,
				14C56FC21F67A51B00DABEA4 /* Assets.xcassets */,
				14C56FC41F67A51B00DABEA4 /* LaunchScreen.storyboard */,
				14C56FC71F67A51B00DABEA4 /* Info.plist */,
			);
			path = "03-Git_Branch";
			sourceTree = "<group>";
		};
/* End PBXGroup section */

/* Begin PBXNativeTarget section */
		14C56FB71F67A51B00DABEA4 /* 03-Git_Branch */ = {
			isa = PBXNativeTarget;
			buildConfigurationList = 14C56FCA1F67A51B00DABEA4 /* Build configuration list for PBXNativeTarget "03-Git_Branch" */;
			buildPhases = (
				14C56FB41F67A51B00DABEA4 /* Sources */,
				14C56FB51F67A51B00DABEA4 /* Frameworks */,
				14C56FB61F67A51B00DABEA4 /* Resources */,
			);
			buildRules = (
			);
			dependencies = (
			);
			name = "03-Git_Branch";
			productName = "03-Git_Branch";
			productReference = 14C56FB81F67A51B00DABEA4 /* 03-Git_Branch.app */;
			productType = "com.apple.product-type.application";
		};
/* End PBXNativeTarget section */

/* Begin PBXProject section */
		14C56FB01F67A51B00DABEA4 /* Project object */ = {
			isa = PBXProject;
			attributes = {
				LastSwiftUpdateCheck = 0830;
				LastUpgradeCheck = 0830;
				ORGANIZATIONNAME = D7702_10;
				TargetAttributes = {
					14C56FB71F67A51B00DABEA4 = {
						CreatedOnToolsVersion = 8.3.3;
						ProvisioningStyle = Automatic;
					};
				};
			};
			buildConfigurationList = 14C56FB31F67A51B00DABEA4 /* Build configuration list for PBXProject "03-Git_Branch" */;
			compatibilityVersion = "Xcode 3.2";
			developmentRegion = English;
			hasScannedForEncodings = 0;
			knownRegions = (
				en,
				Base,
			);
			mainGroup = 14C56FAF1F67A51B00DABEA4;
			productRefGroup = 14C56FB91F67A51B00DABEA4 /* Products */;
			projectDirPath = "";
			projectRoot = "";
			targets = (
				14C56FB71F67A51B00DABEA4 /* 03-Git_Branch */,
			);
		};
/* End PBXProject section */

/* Begin PBXResourcesBuildPhase section */
		14C56FB61F67A51B00DABEA4 /* Resources */ = {
			isa = PBXResourcesBuildPhase;
			buildActionMask = 2147483647;
			files = (
				14C56FC61F67A51B00DABEA4 /* LaunchScreen.storyboard in Resources */,
				14C56FC31F67A51B00DABEA4 /* Assets.xcassets in Resources */,
				14C56FC11F67A51B00DABEA4 /* Main.storyboard in Resources */,
			);
			runOnlyForDeploymentPostprocessing = 0;
		};
/* End PBXResourcesBuildPhase section */

/* Begin PBXSourcesBuildPhase section */
		14C56FB41F67A51B00DABEA4 /* Sources */ = {
			isa = PBXSourcesBuildPhase;
			buildActionMask = 2147483647;
			files = (
				14C56FBE1F67A51B00DABEA4 /* ViewController.swift in Sources */,
				14C56FBC1F67A51B00DABEA4 /* AppDelegate.swift in Sources */,
			);
			runOnlyForDeploymentPostprocessing = 0;
		};
/* End PBXSourcesBuildPhase section */

/* Begin PBXVariantGroup section */
		14C56FBF1F67A51B00DABEA4 /* Main.storyboard */ = {
			isa = PBXVariantGroup;
			children = (
				14C56FC01F67A51B00DABEA4 /* Base */,
			);
			name = Main.storyboard;
			sourceTree = "<group>";
		};
		14C56FC41F67A51B00DABEA4 /* LaunchScreen.storyboard */ = {
			isa = PBXVariantGroup;
			children = (
				14C56FC51F67A51B00DABEA4 /* Base */,
			);
			name = LaunchScreen.storyboard;
			sourceTree = "<group>";
		};
/* End PBXVariantGroup section */

/* Begin XCBuildConfiguration section */
		14C56FC81F67A51B00DABEA4 /* Debug */ = {
			isa = XCBuildConfiguration;
			buildSettings = {
				ALWAYS_SEARCH_USER_PATHS = NO;
				CLANG_ANALYZER_NONNULL = YES;
				CLANG_ANALYZER_NUMBER_OBJECT_CONVERSION = YES_AGGRESSIVE;
				CLANG_CXX_LANGUAGE_STANDARD = "gnu++0x";
				CLANG_CXX_LIBRARY = "libc++";
				CLANG_ENABLE_MODULES = YES;
				CLANG_ENABLE_OBJC_ARC = YES;
				CLANG_WARN_BOOL_CONVERSION = YES;
				CLANG_WARN_CONSTANT_CONVERSION = YES;
				CLANG_WARN_DIRECT_OBJC_ISA_USAGE = YES_ERROR;
				CLANG_WARN_DOCUMENTATION_COMMENTS = YES;
				CLANG_WARN_EMPTY_BODY = YES;
				CLANG_WARN_ENUM_CONVERSION = YES;
				CLANG_WARN_INFINITE_RECURSION = YES;
				CLANG_WARN_INT_CONVERSION = YES;
				CLANG_WARN_OBJC_ROOT_CLASS = YES_ERROR;
				CLANG_WARN_SUSPICIOUS_MOVE = YES;
				CLANG_WARN_UNREACHABLE_CODE = YES;
				CLANG_WARN__DUPLICATE_METHOD_MATCH = YES;
				"CODE_SIGN_IDENTITY[sdk=iphoneos*]" = "iPhone Developer";
				COPY_PHASE_STRIP = NO;
				DEBUG_INFORMATION_FORMAT = dwarf;
				ENABLE_STRICT_OBJC_MSGSEND = YES;
				ENABLE_TESTABILITY = YES;
				GCC_C_LANGUAGE_STANDARD = gnu99;
				GCC_DYNAMIC_NO_PIC = NO;
				GCC_NO_COMMON_BLOCKS = YES;
				GCC_OPTIMIZATION_LEVEL = 0;
				GCC_PREPROCESSOR_DEFINITIONS = (
					"DEBUG=1",
					"$(inherited)",
				);
				GCC_WARN_64_TO_32_BIT_CONVERSION = YES;
				GCC_WARN_ABOUT_RETURN_TYPE = YES_ERROR;
				GCC_WARN_UNDECLARED_SELECTOR = YES;
				GCC_WARN_UNINITIALIZED_AUTOS = YES_AGGRESSIVE;
				GCC_WARN_UNUSED_FUNCTION = YES;
				GCC_WARN_UNUSED_VARIABLE = YES;
				IPHONEOS_DEPLOYMENT_TARGET = 10.3;
				MTL_ENABLE_DEBUG_INFO = YES;
				ONLY_ACTIVE_ARCH = YES;
				SDKROOT = iphoneos;
				SWIFT_ACTIVE_COMPILATION_CONDITIONS = DEBUG;
				SWIFT_OPTIMIZATION_LEVEL = "-Onone";
			};
			name = Debug;
		};
		14C56FC91F67A51B00DABEA4 /* Release */ = {
			isa = XCBuildConfiguration;
			buildSettings = {
				ALWAYS_SEARCH_USER_PATHS = NO;
				CLANG_ANALYZER_NONNULL = YES;
				CLANG_ANALYZER_NUMBER_OBJECT_CONVERSION = YES_AGGRESSIVE;
				CLANG_CXX_LANGUAGE_STANDARD = "gnu++0x";
				CLANG_CXX_LIBRARY = "libc++";
				CLANG_ENABLE_MODULES = YES;
				CLANG_ENABLE_OBJC_ARC = YES;
				CLANG_WARN_BOOL_CONVERSION = YES;
				CLANG_WARN_CONSTANT_CONVERSION = YES;
				CLANG_WARN_DIRECT_OBJC_ISA_USAGE = YES_ERROR;
				CLANG_WARN_DOCUMENTATION_COMMENTS = YES;
				CLANG_WARN_EMPTY_BODY = YES;
				CLANG_WARN_ENUM_CONVERSION = YES;
				CLANG_WARN_INFINITE_RECURSION = YES;
				CLANG_WARN_INT_CONVERSION = YES;
				CLANG_WARN_OBJC_ROOT_CLASS = YES_ERROR;
				CLANG_WARN_SUSPICIOUS_MOVE = YES;
				CLANG_WARN_UNREACHABLE_CODE = YES;
				CLANG_WARN__DUPLICATE_METHOD_MATCH = YES;
				"CODE_SIGN_IDENTITY[sdk=iphoneos*]" = "iPhone Developer";
				COPY_PHASE_STRIP = NO;
				DEBUG_INFORMATION_FORMAT = "dwarf-with-dsym";
				ENABLE_NS_ASSERTIONS = NO;
				ENABLE_STRICT_OBJC_MSGSEND = YES;
				GCC_C_LANGUAGE_STANDARD = gnu99;
				GCC_NO_COMMON_BLOCKS = YES;
				GCC_WARN_64_TO_32_BIT_CONVERSION = YES;
				GCC_WARN_ABOUT_RETURN_TYPE = YES_ERROR;
				GCC_WARN_UNDECLARED_SELECTOR = YES;
				GCC_WARN_UNINITIALIZED_AUTOS = YES_AGGRESSIVE;
				GCC_WARN_UNUSED_FUNCTION = YES;
				GCC_WARN_UNUSED_VARIABLE = YES;
				IPHONEOS_DEPLOYMENT_TARGET = 10.3;
				MTL_ENABLE_DEBUG_INFO = NO;
				SDKROOT = iphoneos;
				SWIFT_OPTIMIZATION_LEVEL = "-Owholemodule";
				VALIDATE_PRODUCT = YES;
			};
			name = Release;
		};
		14C56FCB1F67A51B00DABEA4 /* Debug */ = {
			isa = XCBuildConfiguration;
			buildSettings = {
				ASSETCATALOG_COMPILER_APPICON_NAME = AppIcon;
				INFOPLIST_FILE = "03-Git_Branch/Info.plist";
				LD_RUNPATH_SEARCH_PATHS = "$(inherited) @executable_path/Frameworks";
				PRODUCT_BUNDLE_IDENTIFIER = "kr.dit.ditapps.-3-Git-Branch";
				PRODUCT_NAME = "$(TARGET_NAME)";
				SWIFT_VERSION = 3.0;
			};
			name = Debug;
		};
		14C56FCC1F67A51B00DABEA4 /* Release */ = {
			isa = XCBuildConfiguration;
			buildSettings = {
				ASSETCATALOG_COMPILER_APPICON_NAME = AppIcon;
				INFOPLIST_FILE = "03-Git_Branch/Info.plist";
				LD_RUNPATH_SEARCH_PATHS = "$(inherited) @executable_path/Frameworks";
				PRODUCT_BUNDLE_IDENTIFIER = "kr.dit.ditapps.-3-Git-Branch";
				PRODUCT_NAME = "$(TARGET_NAME)";
				SWIFT_VERSION = 3.0;
			};
			name = Release;
		};
/* End XCBuildConfiguration section */

/* Begin XCConfigurationList section */
		14C56FB31F67A51B00DABEA4 /* Build configuration list for PBXProject "03-Git_Branch" */ = {
			isa = XCConfigurationList;
			buildConfigurations = (
				14C56FC81F67A51B00DABEA4 /* Debug */,
				14C56FC91F67A51B00DABEA4 /* Release */,
			);
			defaultConfigurationIsVisible = 0;
			defaultConfigurationName = Release;
		};
		14C56FCA1F67A51B00DABEA4 /* Build configuration list for PBXNativeTarget "03-Git_Branch" */ = {
			isa = XCConfigurationList;
			buildConfigurations = (
				14C56FCB1F67A51B00DABEA4 /* Debug */,
				14C56FCC1F67A51B00DABEA4 /* Release */,
			);
			defaultConfigurationIsVisible = 0;
		};
/* End XCConfigurationList section */
	};
	rootObject = 14C56FB01F67A51B00DABEA4 /* Project object */;
}
